
Microsoft Visual Studio Solution File, Format Version 12.00
# Visual Studio Version 16
VisualStudioVersion = 16.0.32002.261
MinimumVisualStudioVersion = 10.0.40219.1
Project("{FAE04EC0-301F-11D3-BF4B-00C04F79EFBC}") = "movieRatingProject", "movieRatingProject\movieRatingProject.csproj", "{9F25792F-F24C-47A8-A967-D9AF668FB99C}"
EndProject
Project("{FAE04EC0-301F-11D3-BF4B-00C04F79EFBC}") = "Model", "Model\Model.csproj", "{730536EC-995B-411F-B53B-D49AA7A7152E}"
EndProject
Project("{FAE04EC0-301F-11D3-BF4B-00C04F79EFBC}") = "ViewModel", "ViewModel\ViewModel.csproj", "{ACD4683D-C298-4BBE-A2F6-FD391533283B}"
EndProject
Project("{9A19103F-16F7-4668-BE54-9A1E7A4F7556}") = "apiProj", "apiProj\apiProj.csproj", "{71E21F34-643D-41DD-BDA0-779AF232832A}"
EndProject
Project("{FAE04EC0-301F-11D3-BF4B-00C04F79EFBC}") = "Testingg", "Testingg\Testingg.csproj", "{BC430EFC-A0E4-421B-94D5-F70579C14881}"
EndProject
Global
	GlobalSection(SolutionConfigurationPlatforms) = preSolution
		Debug|Any CPU = Debug|Any CPU
		Release|Any CPU = Release|Any CPU
	EndGlobalSection
	GlobalSection(ProjectConfigurationPlatforms) = postSolution
		{9F25792F-F24C-47A8-A967-D9AF668FB99C}.Debug|Any CPU.ActiveCfg = Debug|Any CPU
		{9F25792F-F24C-47A8-A967-D9AF668FB99C}.Debug|Any CPU.Build.0 = Debug|Any CPU
		{9F25792F-F24C-47A8-A967-D9AF668FB99C}.Release|Any CPU.ActiveCfg = Release|Any CPU
		{9F25792F-F24C-47A8-A967-D9AF668FB99C}.Release|Any CPU.Build.0 = Release|Any CPU
		{730536EC-995B-411F-B53B-D49AA7A7152E}.Debug|Any CPU.ActiveCfg = Debug|Any CPU
		{730536EC-995B-411F-B53B-D49AA7A7152E}.Debug|Any CPU.Build.0 = Debug|Any CPU
		{730536EC-995B-411F-B53B-D49AA7A7152E}.Release|Any CPU.ActiveCfg = Release|Any CPU
		{730536EC-995B-411F-B53B-D49AA7A7152E}.Release|Any CPU.Build.0 = Release|Any CPU
		{ACD4683D-C298-4BBE-A2F6-FD391533283B}.Debug|Any CPU.ActiveCfg = Debug|Any CPU
		{ACD4683D-C298-4BBE-A2F6-FD391533283B}.Debug|Any CPU.Build.0 = Debug|Any CPU
		{ACD4683D-C298-4BBE-A2F6-FD391533283B}.Release|Any CPU.ActiveCfg = Release|Any CPU
		{ACD4683D-C298-4BBE-A2F6-FD391533283B}.Release|Any CPU.Build.0 = Release|Any CPU
		{71E21F34-643D-41DD-BDA0-779AF232832A}.Debug|Any CPU.ActiveCfg = Debug|Any CPU
		{71E21F34-643D-41DD-BDA0-779AF232832A}.Debug|Any CPU.Build.0 = Debug|Any CPU
		{71E21F34-643D-41DD-BDA0-779AF232832A}.Release|Any CPU.ActiveCfg = Release|Any CPU
		{71E21F34-643D-41DD-BDA0-779AF232832A}.Release|Any CPU.Build.0 = Release|Any CPU
		{BC430EFC-A0E4-421B-94D5-F70579C14881}.Debug|Any CPU.ActiveCfg = Debug|Any CPU
		{BC430EFC-A0E4-421B-94D5-F70579C14881}.Debug|Any CPU.Build.0 = Debug|Any CPU
		{BC430EFC-A0E4-421B-94D5-F70579C14881}.Release|Any CPU.ActiveCfg = Release|Any CPU
		{BC430EFC-A0E4-421B-94D5-F70579C14881}.Release|Any CPU.Build.0 = Release|Any CPU
	EndGlobalSection
	GlobalSection(SolutionProperties) = preSolution
		HideSolutionNode = FALSE
	EndGlobalSection
	GlobalSection(ExtensibilityGlobals) = postSolution
		SolutionGuid = {2646A8CF-2294-4A54-876F-7A09D50CE3B6}
	EndGlobalSection
EndGlobal
